# This file was autogenerated by Stack.
# You should not edit this file by hand.
# For more information, please see the documentation at:
#   https://docs.haskellstack.org/en/stable/lock_files

packages:
- completed:
    hackage: assert-0.0.1.2@sha256:d1839198cf04396641280154e766ea3340f6109849d9d243286256f5fa744754,1413
    pantry-tree:
      size: 279
      sha256: a00d6acfb5bd10a546e0436e9ac94343c42997214fec5f869d0a5b1edd4f24a0
  original:
    hackage: assert-0.0.1.2
- completed:
    hackage: Useful-0.0.6@sha256:298a5965cbbea44c9db39b61b102cd2b9129c5a78c3639bf2c176d1103f06581,624
    pantry-tree:
      size: 481
      sha256: 461fa96b1df1f31ae43f2573e9a0bd2a2930c1c3e04df9b6208c9f7897cf93b5
  original:
    hackage: Useful-0.0.6
- completed:
    hackage: containers-0.5.7.1@sha256:f0ded2e0f8a9b9aabf7d3d7c0cc14a7a9cf0b6a92685454b521349b0f835e91b,7299
    pantry-tree:
      size: 3315
      sha256: cc2a1d90df07bfd455ebab5289213019be19c2121dcd7fa7dfaff5a1a484ac7f
  original:
    hackage: containers-0.5.7.1
- completed:
    hackage: template-haskell-2.13.0.0@sha256:555df4a4f47d358ce35f4c0f4371aa4347081fd00288e751838141d6fc7de627,1724
    pantry-tree:
      size: 850
      sha256: f513144b2b69442682090a5c3303f0a0be1c465fcf0b1c14bc23af47872417ef
  original:
    hackage: template-haskell-2.13.0.0
- completed:
    hackage: HList-0.5.0.0@sha256:7d7a0bee8d01a7e0e10bf96c5214a21bebae3ecfc02d14fc13bf75458b38ac43,7137
    pantry-tree:
      size: 5718
      sha256: 2881dd9fe6ee24dad62ecd68be6d98e834823d21b659f4ff0de87475e33371f1
  original:
    hackage: HList-0.5.0.0
- completed:
    hackage: haskell-src-meta-0.8.0.3@sha256:cc7ce9c443a7a5f61b570812e46131ea722d1f7d42e4f7d497f171d03cd8e536,2143
    pantry-tree:
      size: 897
      sha256: 6f82fcdfba4cf4cc8fb93b7c00e116805625820fa912e5c4169585798bb54285
  original:
    hackage: haskell-src-meta-0.8.0.3
- completed:
    hackage: strings-1.1@sha256:0285dec4c8ab262359342b3e5ef1eb567074669461b9b38404f1cb870c881c5c,1617
    pantry-tree:
      size: 212
      sha256: 876e5a679244143e2a7e74357427c7522a8d61f68a4cc3ae265fe4960b75a2e2
  original:
    hackage: strings-1.1
- completed:
    hackage: regex-compat-0.92@sha256:5cebb205c59ab95b5f80d948e15826a044d430652b07888e0d0718abb029b1e7,1643
    pantry-tree:
      size: 211
      sha256: a2f41599b5216a378443fd1059ced72440b62d8d4e166a5f444c206591409c45
  original:
    hackage: regex-compat-0.92
- completed:
    hackage: hspec-discover-2.4.4@sha256:06b13cf0f42b406b30d863547bf29bfc3b80cd8b7d20afd9d124f5b839a82566,1957
    pantry-tree:
      size: 932
      sha256: e793e45914a236b3f00d7dc0d1ad6caae760ccc963ca46ca30ca83ff5d3e3c67
  original:
    hackage: hspec-discover-2.4.4
- completed:
    hackage: hspec-2.4.4@sha256:2589d1799a9ff1051f100b38b514108391768df4c1fb0a561c2ad0f7f046a60f,2505
    pantry-tree:
      size: 893
      sha256: 7c6c00d5dc2a0cca08e44778803970625d41cabd61f3e49b7890b20f4de36c1c
  original:
    hackage: hspec-2.4.4
snapshots:
- completed:
    size: 537868
    url: https://raw.githubusercontent.com/commercialhaskell/stackage-snapshots/master/lts/9/21.yaml
    sha256: 0a3be91c2bce851de4755003cfb1d85d62b6f90276231fcc305729c0c5c864a9
  original: lts-9.21
